<?xml version="1.0" encoding="utf-8"?>
<Project ToolsVersion="4.0" xmlns="http://schemas.microsoft.com/developer/msbuild/2003">
  <ItemGroup>
    <Filter Include="Source Files">
      <UniqueIdentifier>{4FC737F1-C7A5-4376-A066-2A32D752A2FF}</UniqueIdentifier>
      <Extensions>cpp;c;cc;cxx;c++;cppm;ixx;def;odl;idl;hpj;bat;asm;asmx</Extensions>
    </Filter>
    <Filter Include="Header Files">
      <UniqueIdentifier>{93995380-89BD-4b04-88EB-625FBE52EBFB}</UniqueIdentifier>
      <Extensions>h;hh;hpp;hxx;h++;hm;inl;inc;ipp;xsd</Extensions>
    </Filter>
    <Filter Include="Resource Files">
      <UniqueIdentifier>{67DA6AB6-F800-4c08-8B7A-83BB121AAD01}</UniqueIdentifier>
      <Extensions>rc;ico;cur;bmp;dlg;rc2;rct;bin;rgs;gif;jpg;jpeg;jpe;resx;tiff;tif;png;wav;mfcribbon-ms</Extensions>
    </Filter>
  </ItemGroup>
  <ItemGroup>
    <ClCompile Include="src\LightweightCompiler.cpp">
      <Filter>Source Files</Filter>
    </ClCompile>
    <ClCompile Include="src\tokens\Tokenizer.cpp">
      <Filter>Source Files</Filter>
    </ClCompile>
    <ClCompile Include="src\parser\Parser.cpp">
      <Filter>Source Files</Filter>
    </ClCompile>
    <ClCompile Include="src\tables\VarTable.cpp">
      <Filter>Source Files</Filter>
    </ClCompile>
    <ClCompile Include="src\parser\Expr.cpp">
      <Filter>Source Files</Filter>
    </ClCompile>
    <ClCompile Include="src\asm\ASMGenerator.cpp">
      <Filter>Source Files</Filter>
    </ClCompile>
    <ClCompile Include="src\asm\ASMRunner.cpp">
      <Filter>Source Files</Filter>
    </ClCompile>
    <ClCompile Include="src\visitors\StatementVisitor.cpp">
      <Filter>Source Files</Filter>
    </ClCompile>
    <ClCompile Include="src\visitors\ValueVisitor.cpp">
      <Filter>Source Files</Filter>
    </ClCompile>
    <ClCompile Include="src\visitors\ControllableVisitor.cpp">
      <Filter>Source Files</Filter>
    </ClCompile>
    <ClCompile Include="src\compiler\Compiler.cpp">
      <Filter>Source Files</Filter>
    </ClCompile>
    <ClCompile Include="src\tables\FuncTable.cpp">
      <Filter>Source Files</Filter>
    </ClCompile>
  </ItemGroup>
  <ItemGroup>
    <ClInclude Include="src\tokens\Tokenizer.h">
      <Filter>Header Files</Filter>
    </ClInclude>
    <ClInclude Include="src\parser\Parser.h">
      <Filter>Header Files</Filter>
    </ClInclude>
    <ClInclude Include="src\compiler\Compiler.h">
      <Filter>Header Files</Filter>
    </ClInclude>
    <ClInclude Include="src\tables\VarTable.h">
      <Filter>Header Files</Filter>
    </ClInclude>
    <ClInclude Include="src\parser\Expr.h">
      <Filter>Header Files</Filter>
    </ClInclude>
    <ClInclude Include="src\asm\ASMGenerator.h">
      <Filter>Header Files</Filter>
    </ClInclude>
    <ClInclude Include="src\asm\ASMRunner.h">
      <Filter>Header Files</Filter>
    </ClInclude>
    <ClInclude Include="src\visitors\StatementVisitor.h">
      <Filter>Header Files</Filter>
    </ClInclude>
    <ClInclude Include="src\visitors\IVisitor.h">
      <Filter>Header Files</Filter>
    </ClInclude>
    <ClInclude Include="src\visitors\ValueVisitor.h">
      <Filter>Header Files</Filter>
    </ClInclude>
    <ClInclude Include="src\visitors\ControllableVisitor.h">
      <Filter>Header Files</Filter>
    </ClInclude>
    <ClInclude Include="src\tokens\Token.h">
      <Filter>Header Files</Filter>
    </ClInclude>
    <ClInclude Include="src\tables\FuncTable.h">
      <Filter>Header Files</Filter>
    </ClInclude>
  </ItemGroup>
</Project>